{
  "version": 1,
  "dependencies": {
    "net10.0-windows7.0": {
      "bblanchon.PDFium.Win32": {
        "type": "Direct",
        "requested": "[156.0.8076, )",
        "resolved": "156.0.8076",
        "contentHash": "nWP8z9PAK1ArGUGPoYgSsRL8sFkgvVgOrlv82CjEPGpXdtSg/ctCr/Xe8aDI8k2nk3mXvYWGnOlZsRIA7IxupQ=="
      }
    }
  }
}
